
Microsoft Visual Studio Solution File, Format Version 12.00
# Visual Studio 15
VisualStudioVersion = 15.0.27703.2026
MinimumVisualStudioVersion = 10.0.40219.1
Project("{8BC9CEB8-8B4A-11D0-8D11-00A0C91BC942}") = "Einstein", "Einstein\Einstein.vcxproj", "{91CECC14-AB4B-42FA-8B7F-1926B7D803A7}"
EndProject
Project("{8BC9CEB8-8B4A-11D0-8D11-00A0C91BC942}") = "UnitTest", "UnitTest\UnitTest.vcxproj", "{0B4BC9F7-B601-4EC4-BF6F-1CD2536F87CB}"
EndProject
Global
	GlobalSection(SolutionConfigurationPlatforms) = preSolution
		Debug|x64 = Debug|x64
		Debug|x86 = Debug|x86
		Release|x64 = Release|x64
		Release|x86 = Release|x86
	EndGlobalSection
	GlobalSection(ProjectConfigurationPlatforms) = postSolution
		{91CECC14-AB4B-42FA-8B7F-1926B7D803A7}.Debug|x64.ActiveCfg = Debug|x64
		{91CECC14-AB4B-42FA-8B7F-1926B7D803A7}.Debug|x64.Build.0 = Debug|x64
		{91CECC14-AB4B-42FA-8B7F-1926B7D803A7}.Debug|x86.ActiveCfg = Debug|Win32
		{91CECC14-AB4B-42FA-8B7F-1926B7D803A7}.Debug|x86.Build.0 = Debug|Win32
		{91CECC14-AB4B-42FA-8B7F-1926B7D803A7}.Release|x64.ActiveCfg = Release|x64
		{91CECC14-AB4B-42FA-8B7F-1926B7D803A7}.Release|x64.Build.0 = Release|x64
		{91CECC14-AB4B-42FA-8B7F-1926B7D803A7}.Release|x86.ActiveCfg = Release|Win32
		{91CECC14-AB4B-42FA-8B7F-1926B7D803A7}.Release|x86.Build.0 = Release|Win32
		{0B4BC9F7-B601-4EC4-BF6F-1CD2536F87CB}.Debug|x64.ActiveCfg = Debug|x64
		{0B4BC9F7-B601-4EC4-BF6F-1CD2536F87CB}.Debug|x64.Build.0 = Debug|x64
		{0B4BC9F7-B601-4EC4-BF6F-1CD2536F87CB}.Debug|x86.ActiveCfg = Debug|Win32
		{0B4BC9F7-B601-4EC4-BF6F-1CD2536F87CB}.Debug|x86.Build.0 = Debug|Win32
		{0B4BC9F7-B601-4EC4-BF6F-1CD2536F87CB}.Release|x64.ActiveCfg = Release|x64
		{0B4BC9F7-B601-4EC4-BF6F-1CD2536F87CB}.Release|x64.Build.0 = Release|x64
		{0B4BC9F7-B601-4EC4-BF6F-1CD2536F87CB}.Release|x86.ActiveCfg = Release|Win32
		{0B4BC9F7-B601-4EC4-BF6F-1CD2536F87CB}.Release|x86.Build.0 = Release|Win32
	EndGlobalSection
	GlobalSection(SolutionProperties) = preSolution
		HideSolutionNode = FALSE
	EndGlobalSection
	GlobalSection(ExtensibilityGlobals) = postSolution
		SolutionGuid = {289C4A4C-F8A2-4A9D-8488-B4084A6E54EB}
	EndGlobalSection
EndGlobal
