
Microsoft Visual Studio Solution File, Format Version 12.00
# Visual Studio 15
VisualStudioVersion = 15.0.27703.2026
MinimumVisualStudioVersion = 10.0.40219.1
Project("{8BC9CEB8-8B4A-11D0-8D11-00A0C91BC942}") = "Knuth", "Knuth\Knuth.vcxproj", "{25947B89-F4FB-40BF-B0B4-26DD5650DCCE}"
EndProject
Global
	GlobalSection(SolutionConfigurationPlatforms) = preSolution
		Debug|x64 = Debug|x64
		Debug|x86 = Debug|x86
		Release|x64 = Release|x64
		Release|x86 = Release|x86
	EndGlobalSection
	GlobalSection(ProjectConfigurationPlatforms) = postSolution
		{25947B89-F4FB-40BF-B0B4-26DD5650DCCE}.Debug|x64.ActiveCfg = Debug|x64
		{25947B89-F4FB-40BF-B0B4-26DD5650DCCE}.Debug|x64.Build.0 = Debug|x64
		{25947B89-F4FB-40BF-B0B4-26DD5650DCCE}.Debug|x86.ActiveCfg = Debug|Win32
		{25947B89-F4FB-40BF-B0B4-26DD5650DCCE}.Debug|x86.Build.0 = Debug|Win32
		{25947B89-F4FB-40BF-B0B4-26DD5650DCCE}.Release|x64.ActiveCfg = Release|x64
		{25947B89-F4FB-40BF-B0B4-26DD5650DCCE}.Release|x64.Build.0 = Release|x64
		{25947B89-F4FB-40BF-B0B4-26DD5650DCCE}.Release|x86.ActiveCfg = Release|Win32
		{25947B89-F4FB-40BF-B0B4-26DD5650DCCE}.Release|x86.Build.0 = Release|Win32
	EndGlobalSection
	GlobalSection(SolutionProperties) = preSolution
		HideSolutionNode = FALSE
	EndGlobalSection
	GlobalSection(ExtensibilityGlobals) = postSolution
		SolutionGuid = {B2E37D23-1282-43EC-9C9A-1D36942F4939}
	EndGlobalSection
EndGlobal
